// !$*UTF8*$!
{
	archiveVersion = 1;
	classes = {
	};
	objectVersion = 55;
	objects = {

/* Begin PBXBuildFile section */
		845DBFC028762621003FB5D0 /* FirebaseManager.swift in Sources */ = {isa = PBXBuildFile; fileRef = 845DBFBF28762621003FB5D0 /* FirebaseManager.swift */; };
		845DBFC2287628CD003FB5D0 /* BaseModel.swift in Sources */ = {isa = PBXBuildFile; fileRef = 845DBFC1287628CD003FB5D0 /* BaseModel.swift */; };
		845DBFC628762C62003FB5D0 /* Buttons.swift in Sources */ = {isa = PBXBuildFile; fileRef = 845DBFC528762C62003FB5D0 /* Buttons.swift */; };
		845DBFC828763365003FB5D0 /* AuthFirebaseManager.swift in Sources */ = {isa = PBXBuildFile; fileRef = 845DBFC728763365003FB5D0 /* AuthFirebaseManager.swift */; };
		845DBFD0287635BB003FB5D0 /* LoginViewController.swift in Sources */ = {isa = PBXBuildFile; fileRef = 845DBFCE287635BB003FB5D0 /* LoginViewController.swift */; };
		845DBFD1287635BB003FB5D0 /* LoginViewController.xib in Resources */ = {isa = PBXBuildFile; fileRef = 845DBFCF287635BB003FB5D0 /* LoginViewController.xib */; };
		845DBFD428763890003FB5D0 /* LoginViewModel.swift in Sources */ = {isa = PBXBuildFile; fileRef = 845DBFD328763890003FB5D0 /* LoginViewModel.swift */; };
		845DBFDA28763C77003FB5D0 /* SignUpViewController.swift in Sources */ = {isa = PBXBuildFile; fileRef = 845DBFD828763C77003FB5D0 /* SignUpViewController.swift */; };
		845DBFDB28763C77003FB5D0 /* SignUpViewController.xib in Resources */ = {isa = PBXBuildFile; fileRef = 845DBFD928763C77003FB5D0 /* SignUpViewController.xib */; };
		845DBFDD28763F1D003FB5D0 /* SignUpViewModel.swift in Sources */ = {isa = PBXBuildFile; fileRef = 845DBFDC28763F1D003FB5D0 /* SignUpViewModel.swift */; };
		845DBFE128764138003FB5D0 /* CoreDataManager.swift in Sources */ = {isa = PBXBuildFile; fileRef = 845DBFE028764138003FB5D0 /* CoreDataManager.swift */; };
		845DBFEA287643FF003FB5D0 /* UsersLocal+CoreDataClass.swift in Sources */ = {isa = PBXBuildFile; fileRef = 845DBFE8287643FF003FB5D0 /* UsersLocal+CoreDataClass.swift */; };
		845DBFEB287643FF003FB5D0 /* UsersLocal+CoreDataProperties.swift in Sources */ = {isa = PBXBuildFile; fileRef = 845DBFE9287643FF003FB5D0 /* UsersLocal+CoreDataProperties.swift */; };
		845DBFF328764864003FB5D0 /* PostsListViewController.swift in Sources */ = {isa = PBXBuildFile; fileRef = 845DBFF128764864003FB5D0 /* PostsListViewController.swift */; };
		845DBFF428764864003FB5D0 /* PostsListViewController.xib in Resources */ = {isa = PBXBuildFile; fileRef = 845DBFF228764864003FB5D0 /* PostsListViewController.xib */; };
		845DBFF828764DFC003FB5D0 /* EncodableExtension.swift in Sources */ = {isa = PBXBuildFile; fileRef = 845DBFF728764DFC003FB5D0 /* EncodableExtension.swift */; };
		845DC0002876756F003FB5D0 /* UserProfileViewController.swift in Sources */ = {isa = PBXBuildFile; fileRef = 845DBFFE2876756F003FB5D0 /* UserProfileViewController.swift */; };
		845DC0012876756F003FB5D0 /* UserProfileViewController.xib in Resources */ = {isa = PBXBuildFile; fileRef = 845DBFFF2876756F003FB5D0 /* UserProfileViewController.xib */; };
		845DC003287679D0003FB5D0 /* UserProfileViewModel.swift in Sources */ = {isa = PBXBuildFile; fileRef = 845DC002287679D0003FB5D0 /* UserProfileViewModel.swift */; };
		8471C862286C980E005E069A /* AppDelegate.swift in Sources */ = {isa = PBXBuildFile; fileRef = 8471C861286C980E005E069A /* AppDelegate.swift */; };
		8471C864286C980E005E069A /* SceneDelegate.swift in Sources */ = {isa = PBXBuildFile; fileRef = 8471C863286C980E005E069A /* SceneDelegate.swift */; };
		8471C866286C980E005E069A /* ViewController.swift in Sources */ = {isa = PBXBuildFile; fileRef = 8471C865286C980E005E069A /* ViewController.swift */; };
		8471C869286C980E005E069A /* Main.storyboard in Resources */ = {isa = PBXBuildFile; fileRef = 8471C867286C980E005E069A /* Main.storyboard */; };
		8471C86C286C980E005E069A /* social_network_app.xcdatamodeld in Sources */ = {isa = PBXBuildFile; fileRef = 8471C86A286C980E005E069A /* social_network_app.xcdatamodeld */; };
		8471C86E286C980F005E069A /* Assets.xcassets in Resources */ = {isa = PBXBuildFile; fileRef = 8471C86D286C980F005E069A /* Assets.xcassets */; };
		8471C871286C980F005E069A /* LaunchScreen.storyboard in Resources */ = {isa = PBXBuildFile; fileRef = 8471C86F286C980F005E069A /* LaunchScreen.storyboard */; };
		8471C87C286C9810005E069A /* social_network_appTests.swift in Sources */ = {isa = PBXBuildFile; fileRef = 8471C87B286C9810005E069A /* social_network_appTests.swift */; };
		8471C886286C9810005E069A /* social_network_appUITests.swift in Sources */ = {isa = PBXBuildFile; fileRef = 8471C885286C9810005E069A /* social_network_appUITests.swift */; };
		8471C888286C9810005E069A /* social_network_appUITestsLaunchTests.swift in Sources */ = {isa = PBXBuildFile; fileRef = 8471C887286C9810005E069A /* social_network_appUITestsLaunchTests.swift */; };
		8471C895286C9875005E069A /* GoogleService-Info.plist in Resources */ = {isa = PBXBuildFile; fileRef = 8471C894286C9875005E069A /* GoogleService-Info.plist */; };
		8471C898286C98EC005E069A /* FirebaseAuth in Frameworks */ = {isa = PBXBuildFile; productRef = 8471C897286C98EC005E069A /* FirebaseAuth */; };
		8471C89A286C98EC005E069A /* FirebaseDatabase in Frameworks */ = {isa = PBXBuildFile; productRef = 8471C899286C98EC005E069A /* FirebaseDatabase */; };
		8471C89C286C98EC005E069A /* FirebaseFirestore in Frameworks */ = {isa = PBXBuildFile; productRef = 8471C89B286C98EC005E069A /* FirebaseFirestore */; };
		8471C89E286C98EC005E069A /* FirebaseMessaging in Frameworks */ = {isa = PBXBuildFile; productRef = 8471C89D286C98EC005E069A /* FirebaseMessaging */; };
		8471C8A0286C98EC005E069A /* FirebaseStorage in Frameworks */ = {isa = PBXBuildFile; productRef = 8471C89F286C98EC005E069A /* FirebaseStorage */; };
		8471C8A5286C9B23005E069A /* User.swift in Sources */ = {isa = PBXBuildFile; fileRef = 8471C8A4286C9B23005E069A /* User.swift */; };
/* End PBXBuildFile section */

/* Begin PBXContainerItemProxy section */
		8471C878286C9810005E069A /* PBXContainerItemProxy */ = {
			isa = PBXContainerItemProxy;
			containerPortal = 8471C856286C980E005E069A /* Project object */;
			proxyType = 1;
			remoteGlobalIDString = 8471C85D286C980E005E069A;
			remoteInfo = social_network_app;
		};
		8471C882286C9810005E069A /* PBXContainerItemProxy */ = {
			isa = PBXContainerItemProxy;
			containerPortal = 8471C856286C980E005E069A /* Project object */;
			proxyType = 1;
			remoteGlobalIDString = 8471C85D286C980E005E069A;
			remoteInfo = social_network_app;
		};
/* End PBXContainerItemProxy section */

/* Begin PBXFileReference section */
		845DBFBF28762621003FB5D0 /* FirebaseManager.swift */ = {isa = PBXFileReference; lastKnownFileType = sourcecode.swift; path = FirebaseManager.swift; sourceTree = "<group>"; };
		845DBFC1287628CD003FB5D0 /* BaseModel.swift */ = {isa = PBXFileReference; lastKnownFileType = sourcecode.swift; path = BaseModel.swift; sourceTree = "<group>"; };
		845DBFC528762C62003FB5D0 /* Buttons.swift */ = {isa = PBXFileReference; lastKnownFileType = sourcecode.swift; path = Buttons.swift; sourceTree = "<group>"; };
		845DBFC728763365003FB5D0 /* AuthFirebaseManager.swift */ = {isa = PBXFileReference; lastKnownFileType = sourcecode.swift; path = AuthFirebaseManager.swift; sourceTree = "<group>"; };
		845DBFCE287635BB003FB5D0 /* LoginViewController.swift */ = {isa = PBXFileReference; lastKnownFileType = sourcecode.swift; path = LoginViewController.swift; sourceTree = "<group>"; };
		845DBFCF287635BB003FB5D0 /* LoginViewController.xib */ = {isa = PBXFileReference; lastKnownFileType = file.xib; path = LoginViewController.xib; sourceTree = "<group>"; };
		845DBFD328763890003FB5D0 /* LoginViewModel.swift */ = {isa = PBXFileReference; lastKnownFileType = sourcecode.swift; path = LoginViewModel.swift; sourceTree = "<group>"; };
		845DBFD828763C77003FB5D0 /* SignUpViewController.swift */ = {isa = PBXFileReference; lastKnownFileType = sourcecode.swift; path = SignUpViewController.swift; sourceTree = "<group>"; };
		845DBFD928763C77003FB5D0 /* SignUpViewController.xib */ = {isa = PBXFileReference; lastKnownFileType = file.xib; path = SignUpViewController.xib; sourceTree = "<group>"; };
		845DBFDC28763F1D003FB5D0 /* SignUpViewModel.swift */ = {isa = PBXFileReference; lastKnownFileType = sourcecode.swift; path = SignUpViewModel.swift; sourceTree = "<group>"; };
		845DBFE028764138003FB5D0 /* CoreDataManager.swift */ = {isa = PBXFileReference; lastKnownFileType = sourcecode.swift; path = CoreDataManager.swift; sourceTree = "<group>"; };
		845DBFE8287643FF003FB5D0 /* UsersLocal+CoreDataClass.swift */ = {isa = PBXFileReference; lastKnownFileType = sourcecode.swift; path = "UsersLocal+CoreDataClass.swift"; sourceTree = "<group>"; };
		845DBFE9287643FF003FB5D0 /* UsersLocal+CoreDataProperties.swift */ = {isa = PBXFileReference; lastKnownFileType = sourcecode.swift; path = "UsersLocal+CoreDataProperties.swift"; sourceTree = "<group>"; };
		845DBFF128764864003FB5D0 /* PostsListViewController.swift */ = {isa = PBXFileReference; lastKnownFileType = sourcecode.swift; path = PostsListViewController.swift; sourceTree = "<group>"; };
		845DBFF228764864003FB5D0 /* PostsListViewController.xib */ = {isa = PBXFileReference; lastKnownFileType = file.xib; path = PostsListViewController.xib; sourceTree = "<group>"; };
		845DBFF728764DFC003FB5D0 /* EncodableExtension.swift */ = {isa = PBXFileReference; lastKnownFileType = sourcecode.swift; path = EncodableExtension.swift; sourceTree = "<group>"; };
		845DBFFE2876756F003FB5D0 /* UserProfileViewController.swift */ = {isa = PBXFileReference; lastKnownFileType = sourcecode.swift; path = UserProfileViewController.swift; sourceTree = "<group>"; };
		845DBFFF2876756F003FB5D0 /* UserProfileViewController.xib */ = {isa = PBXFileReference; lastKnownFileType = file.xib; path = UserProfileViewController.xib; sourceTree = "<group>"; };
		845DC002287679D0003FB5D0 /* UserProfileViewModel.swift */ = {isa = PBXFileReference; lastKnownFileType = sourcecode.swift; path = UserProfileViewModel.swift; sourceTree = "<group>"; };
		8471C85E286C980E005E069A /* social_network_app.app */ = {isa = PBXFileReference; explicitFileType = wrapper.application; includeInIndex = 0; path = social_network_app.app; sourceTree = BUILT_PRODUCTS_DIR; };
		8471C861286C980E005E069A /* AppDelegate.swift */ = {isa = PBXFileReference; lastKnownFileType = sourcecode.swift; path = AppDelegate.swift; sourceTree = "<group>"; };
		8471C863286C980E005E069A /* SceneDelegate.swift */ = {isa = PBXFileReference; lastKnownFileType = sourcecode.swift; path = SceneDelegate.swift; sourceTree = "<group>"; };
		8471C865286C980E005E069A /* ViewController.swift */ = {isa = PBXFileReference; lastKnownFileType = sourcecode.swift; path = ViewController.swift; sourceTree = "<group>"; };
		8471C868286C980E005E069A /* Base */ = {isa = PBXFileReference; lastKnownFileType = file.storyboard; name = Base; path = Base.lproj/Main.storyboard; sourceTree = "<group>"; };
		8471C86B286C980E005E069A /* social_network_app.xcdatamodel */ = {isa = PBXFileReference; lastKnownFileType = wrapper.xcdatamodel; path = social_network_app.xcdatamodel; sourceTree = "<group>"; };
		8471C86D286C980F005E069A /* Assets.xcassets */ = {isa = PBXFileReference; lastKnownFileType = folder.assetcatalog; path = Assets.xcassets; sourceTree = "<group>"; };
		8471C870286C980F005E069A /* Base */ = {isa = PBXFileReference; lastKnownFileType = file.storyboard; name = Base; path = Base.lproj/LaunchScreen.storyboard; sourceTree = "<group>"; };
		8471C872286C980F005E069A /* Info.plist */ = {isa = PBXFileReference; lastKnownFileType = text.plist.xml; path = Info.plist; sourceTree = "<group>"; };
		8471C877286C9810005E069A /* social_network_appTests.xctest */ = {isa = PBXFileReference; explicitFileType = wrapper.cfbundle; includeInIndex = 0; path = social_network_appTests.xctest; sourceTree = BUILT_PRODUCTS_DIR; };
		8471C87B286C9810005E069A /* social_network_appTests.swift */ = {isa = PBXFileReference; lastKnownFileType = sourcecode.swift; path = social_network_appTests.swift; sourceTree = "<group>"; };
		8471C881286C9810005E069A /* social_network_appUITests.xctest */ = {isa = PBXFileReference; explicitFileType = wrapper.cfbundle; includeInIndex = 0; path = social_network_appUITests.xctest; sourceTree = BUILT_PRODUCTS_DIR; };
		8471C885286C9810005E069A /* social_network_appUITests.swift */ = {isa = PBXFileReference; lastKnownFileType = sourcecode.swift; path = social_network_appUITests.swift; sourceTree = "<group>"; };
		8471C887286C9810005E069A /* social_network_appUITestsLaunchTests.swift */ = {isa = PBXFileReference; lastKnownFileType = sourcecode.swift; path = social_network_appUITestsLaunchTests.swift; sourceTree = "<group>"; };
		8471C894286C9875005E069A /* GoogleService-Info.plist */ = {isa = PBXFileReference; fileEncoding = 4; lastKnownFileType = text.plist.xml; path = "GoogleService-Info.plist"; sourceTree = "<group>"; };
		8471C8A4286C9B23005E069A /* User.swift */ = {isa = PBXFileReference; lastKnownFileType = sourcecode.swift; path = User.swift; sourceTree = "<group>"; };
/* End PBXFileReference section */

/* Begin PBXFrameworksBuildPhase section */
		8471C85B286C980E005E069A /* Frameworks */ = {
			isa = PBXFrameworksBuildPhase;
			buildActionMask = 2147483647;
			files = (
				8471C89E286C98EC005E069A /* FirebaseMessaging in Frameworks */,
				8471C89A286C98EC005E069A /* FirebaseDatabase in Frameworks */,
				8471C898286C98EC005E069A /* FirebaseAuth in Frameworks */,
				8471C8A0286C98EC005E069A /* FirebaseStorage in Frameworks */,
				8471C89C286C98EC005E069A /* FirebaseFirestore in Frameworks */,
			);
			runOnlyForDeploymentPostprocessing = 0;
		};
		8471C874286C9810005E069A /* Frameworks */ = {
			isa = PBXFrameworksBuildPhase;
			buildActionMask = 2147483647;
			files = (
			);
			runOnlyForDeploymentPostprocessing = 0;
		};
		8471C87E286C9810005E069A /* Frameworks */ = {
			isa = PBXFrameworksBuildPhase;
			buildActionMask = 2147483647;
			files = (
			);
			runOnlyForDeploymentPostprocessing = 0;
		};
/* End PBXFrameworksBuildPhase section */

/* Begin PBXGroup section */
		845DBFBD287625A7003FB5D0 /* network */ = {
			isa = PBXGroup;
			children = (
				845DBFBE287625BA003FB5D0 /* managers */,
			);
			path = network;
			sourceTree = "<group>";
		};
		845DBFBE287625BA003FB5D0 /* managers */ = {
			isa = PBXGroup;
			children = (
				845DBFBF28762621003FB5D0 /* FirebaseManager.swift */,
				845DBFC728763365003FB5D0 /* AuthFirebaseManager.swift */,
			);
			path = managers;
			sourceTree = "<group>";
		};
		845DBFC328762BED003FB5D0 /* utilities */ = {
			isa = PBXGroup;
			children = (
				845DBFF628764DE5003FB5D0 /* extensions */,
				845DBFC428762C10003FB5D0 /* views */,
			);
			path = utilities;
			sourceTree = "<group>";
		};
		845DBFC428762C10003FB5D0 /* views */ = {
			isa = PBXGroup;
			children = (
				845DBFC528762C62003FB5D0 /* Buttons.swift */,
			);
			path = views;
			sourceTree = "<group>";
		};
		845DBFC92876351E003FB5D0 /* auth */ = {
			isa = PBXGroup;
			children = (
				845DBFCB28763547003FB5D0 /* signup */,
				845DBFCA2876353C003FB5D0 /* login */,
			);
			path = auth;
			sourceTree = "<group>";
		};
		845DBFCA2876353C003FB5D0 /* login */ = {
			isa = PBXGroup;
			children = (
				845DBFD2287637C4003FB5D0 /* views */,
				845DBFCD2876356E003FB5D0 /* viewModels */,
				845DBFCC28763559003FB5D0 /* controllers */,
			);
			path = login;
			sourceTree = "<group>";
		};
		845DBFCB28763547003FB5D0 /* signup */ = {
			isa = PBXGroup;
			children = (
				845DBFD728763C54003FB5D0 /* viewModels */,
				845DBFD628763C4C003FB5D0 /* views */,
				845DBFD528763C45003FB5D0 /* controllers */,
			);
			path = signup;
			sourceTree = "<group>";
		};
		845DBFCC28763559003FB5D0 /* controllers */ = {
			isa = PBXGroup;
			children = (
				845DBFCE287635BB003FB5D0 /* LoginViewController.swift */,
			);
			path = controllers;
			sourceTree = "<group>";
		};
		845DBFCD2876356E003FB5D0 /* viewModels */ = {
			isa = PBXGroup;
			children = (
				845DBFD328763890003FB5D0 /* LoginViewModel.swift */,
			);
			path = viewModels;
			sourceTree = "<group>";
		};
		845DBFD2287637C4003FB5D0 /* views */ = {
			isa = PBXGroup;
			children = (
				845DBFCF287635BB003FB5D0 /* LoginViewController.xib */,
			);
			path = views;
			sourceTree = "<group>";
		};
		845DBFD528763C45003FB5D0 /* controllers */ = {
			isa = PBXGroup;
			children = (
				845DBFD828763C77003FB5D0 /* SignUpViewController.swift */,
			);
			path = controllers;
			sourceTree = "<group>";
		};
		845DBFD628763C4C003FB5D0 /* views */ = {
			isa = PBXGroup;
			children = (
				845DBFD928763C77003FB5D0 /* SignUpViewController.xib */,
			);
			path = views;
			sourceTree = "<group>";
		};
		845DBFD728763C54003FB5D0 /* viewModels */ = {
			isa = PBXGroup;
			children = (
				845DBFDC28763F1D003FB5D0 /* SignUpViewModel.swift */,
			);
			path = viewModels;
			sourceTree = "<group>";
		};
		845DBFDE28764113003FB5D0 /* local */ = {
			isa = PBXGroup;
			children = (
				845DBFDF2876411E003FB5D0 /* managers */,
			);
			path = local;
			sourceTree = "<group>";
		};
		845DBFDF2876411E003FB5D0 /* managers */ = {
			isa = PBXGroup;
			children = (
				845DBFE028764138003FB5D0 /* CoreDataManager.swift */,
			);
			path = managers;
			sourceTree = "<group>";
		};
		845DBFE6287643A6003FB5D0 /* network */ = {
			isa = PBXGroup;
			children = (
				8471C8A4286C9B23005E069A /* User.swift */,
				845DBFC1287628CD003FB5D0 /* BaseModel.swift */,
			);
			path = network;
			sourceTree = "<group>";
		};
		845DBFE7287643B8003FB5D0 /* local */ = {
			isa = PBXGroup;
			children = (
				845DBFE8287643FF003FB5D0 /* UsersLocal+CoreDataClass.swift */,
				845DBFE9287643FF003FB5D0 /* UsersLocal+CoreDataProperties.swift */,
			);
			path = local;
			sourceTree = "<group>";
		};
		845DBFEC28764808003FB5D0 /* posts */ = {
			isa = PBXGroup;
			children = (
				845DBFED28764819003FB5D0 /* postsList */,
			);
			path = posts;
			sourceTree = "<group>";
		};
		845DBFED28764819003FB5D0 /* postsList */ = {
			isa = PBXGroup;
			children = (
				845DBFF02876483D003FB5D0 /* viewModels */,
				845DBFEF28764832003FB5D0 /* views */,
				845DBFEE2876482B003FB5D0 /* controllers */,
			);
			path = postsList;
			sourceTree = "<group>";
		};
		845DBFEE2876482B003FB5D0 /* controllers */ = {
			isa = PBXGroup;
			children = (
				845DBFF128764864003FB5D0 /* PostsListViewController.swift */,
			);
			path = controllers;
			sourceTree = "<group>";
		};
		845DBFEF28764832003FB5D0 /* views */ = {
			isa = PBXGroup;
			children = (
				845DBFF228764864003FB5D0 /* PostsListViewController.xib */,
			);
			path = views;
			sourceTree = "<group>";
		};
		845DBFF02876483D003FB5D0 /* viewModels */ = {
			isa = PBXGroup;
			children = (
			);
			path = viewModels;
			sourceTree = "<group>";
		};
		845DBFF628764DE5003FB5D0 /* extensions */ = {
			isa = PBXGroup;
			children = (
				845DBFF728764DFC003FB5D0 /* EncodableExtension.swift */,
			);
			path = extensions;
			sourceTree = "<group>";
		};
		845DBFF928767457003FB5D0 /* profile */ = {
			isa = PBXGroup;
			children = (
				845DBFFA2876746A003FB5D0 /* userProfile */,
			);
			path = profile;
			sourceTree = "<group>";
		};
		845DBFFA2876746A003FB5D0 /* userProfile */ = {
			isa = PBXGroup;
			children = (
				845DBFFD287674C8003FB5D0 /* viewsModels */,
				845DBFFC287674C1003FB5D0 /* views */,
				845DBFFB287674B5003FB5D0 /* controllers */,
			);
			path = userProfile;
			sourceTree = "<group>";
		};
		845DBFFB287674B5003FB5D0 /* controllers */ = {
			isa = PBXGroup;
			children = (
				845DBFFE2876756F003FB5D0 /* UserProfileViewController.swift */,
			);
			path = controllers;
			sourceTree = "<group>";
		};
		845DBFFC287674C1003FB5D0 /* views */ = {
			isa = PBXGroup;
			children = (
				845DBFFF2876756F003FB5D0 /* UserProfileViewController.xib */,
			);
			path = views;
			sourceTree = "<group>";
		};
		845DBFFD287674C8003FB5D0 /* viewsModels */ = {
			isa = PBXGroup;
			children = (
				845DC002287679D0003FB5D0 /* UserProfileViewModel.swift */,
			);
			path = viewsModels;
			sourceTree = "<group>";
		};
		8471C855286C980E005E069A = {
			isa = PBXGroup;
			children = (
				8471C860286C980E005E069A /* social_network_app */,
				8471C87A286C9810005E069A /* social_network_appTests */,
				8471C884286C9810005E069A /* social_network_appUITests */,
				8471C85F286C980E005E069A /* Products */,
			);
			sourceTree = "<group>";
		};
		8471C85F286C980E005E069A /* Products */ = {
			isa = PBXGroup;
			children = (
				8471C85E286C980E005E069A /* social_network_app.app */,
				8471C877286C9810005E069A /* social_network_appTests.xctest */,
				8471C881286C9810005E069A /* social_network_appUITests.xctest */,
			);
			name = Products;
			sourceTree = "<group>";
		};
		8471C860286C980E005E069A /* social_network_app */ = {
			isa = PBXGroup;
			children = (
				845DBFC328762BED003FB5D0 /* utilities */,
				8471C8A2286C9AE3005E069A /* repository */,
				8471C8A1286C9ADC005E069A /* modules */,
				8471C861286C980E005E069A /* AppDelegate.swift */,
				8471C863286C980E005E069A /* SceneDelegate.swift */,
				8471C865286C980E005E069A /* ViewController.swift */,
				8471C867286C980E005E069A /* Main.storyboard */,
				8471C86D286C980F005E069A /* Assets.xcassets */,
				8471C86F286C980F005E069A /* LaunchScreen.storyboard */,
				8471C872286C980F005E069A /* Info.plist */,
				8471C86A286C980E005E069A /* social_network_app.xcdatamodeld */,
				8471C894286C9875005E069A /* GoogleService-Info.plist */,
			);
			path = social_network_app;
			sourceTree = "<group>";
		};
		8471C87A286C9810005E069A /* social_network_appTests */ = {
			isa = PBXGroup;
			children = (
				8471C87B286C9810005E069A /* social_network_appTests.swift */,
			);
			path = social_network_appTests;
			sourceTree = "<group>";
		};
		8471C884286C9810005E069A /* social_network_appUITests */ = {
			isa = PBXGroup;
			children = (
				8471C885286C9810005E069A /* social_network_appUITests.swift */,
				8471C887286C9810005E069A /* social_network_appUITestsLaunchTests.swift */,
			);
			path = social_network_appUITests;
			sourceTree = "<group>";
		};
		8471C8A1286C9ADC005E069A /* modules */ = {
			isa = PBXGroup;
			children = (
				845DBFF928767457003FB5D0 /* profile */,
				845DBFEC28764808003FB5D0 /* posts */,
				845DBFC92876351E003FB5D0 /* auth */,
			);
			path = modules;
			sourceTree = "<group>";
		};
		8471C8A2286C9AE3005E069A /* repository */ = {
			isa = PBXGroup;
			children = (
				845DBFDE28764113003FB5D0 /* local */,
				845DBFBD287625A7003FB5D0 /* network */,
				8471C8A3286C9B15005E069A /* models */,
			);
			path = repository;
			sourceTree = "<group>";
		};
		8471C8A3286C9B15005E069A /* models */ = {
			isa = PBXGroup;
			children = (
				845DBFE7287643B8003FB5D0 /* local */,
				845DBFE6287643A6003FB5D0 /* network */,
			);
			path = models;
			sourceTree = "<group>";
		};
/* End PBXGroup section */

/* Begin PBXNativeTarget section */
		8471C85D286C980E005E069A /* social_network_app */ = {
			isa = PBXNativeTarget;
			buildConfigurationList = 8471C88B286C9810005E069A /* Build configuration list for PBXNativeTarget "social_network_app" */;
			buildPhases = (
				8471C85A286C980E005E069A /* Sources */,
				8471C85B286C980E005E069A /* Frameworks */,
				8471C85C286C980E005E069A /* Resources */,
			);
			buildRules = (
			);
			dependencies = (
			);
			name = social_network_app;
			packageProductDependencies = (
				8471C897286C98EC005E069A /* FirebaseAuth */,
				8471C899286C98EC005E069A /* FirebaseDatabase */,
				8471C89B286C98EC005E069A /* FirebaseFirestore */,
				8471C89D286C98EC005E069A /* FirebaseMessaging */,
				8471C89F286C98EC005E069A /* FirebaseStorage */,
			);
			productName = social_network_app;
			productReference = 8471C85E286C980E005E069A /* social_network_app.app */;
			productType = "com.apple.product-type.application";
		};
		8471C876286C9810005E069A /* social_network_appTests */ = {
			isa = PBXNativeTarget;
			buildConfigurationList = 8471C88E286C9810005E069A /* Build configuration list for PBXNativeTarget "social_network_appTests" */;
			buildPhases = (
				8471C873286C9810005E069A /* Sources */,
				8471C874286C9810005E069A /* Frameworks */,
				8471C875286C9810005E069A /* Resources */,
			);
			buildRules = (
			);
			dependencies = (
				8471C879286C9810005E069A /* PBXTargetDependency */,
			);
			name = social_network_appTests;
			productName = social_network_appTests;
			productReference = 8471C877286C9810005E069A /* social_network_appTests.xctest */;
			productType = "com.apple.product-type.bundle.unit-test";
		};
		8471C880286C9810005E069A /* social_network_appUITests */ = {
			isa = PBXNativeTarget;
			buildConfigurationList = 8471C891286C9810005E069A /* Build configuration list for PBXNativeTarget "social_network_appUITests" */;
			buildPhases = (
				8471C87D286C9810005E069A /* Sources */,
				8471C87E286C9810005E069A /* Frameworks */,
				8471C87F286C9810005E069A /* Resources */,
			);
			buildRules = (
			);
			dependencies = (
				8471C883286C9810005E069A /* PBXTargetDependency */,
			);
			name = social_network_appUITests;
			productName = social_network_appUITests;
			productReference = 8471C881286C9810005E069A /* social_network_appUITests.xctest */;
			productType = "com.apple.product-type.bundle.ui-testing";
		};
/* End PBXNativeTarget section */

/* Begin PBXProject section */
		8471C856286C980E005E069A /* Project object */ = {
			isa = PBXProject;
			attributes = {
				BuildIndependentTargetsInParallel = 1;
				LastSwiftUpdateCheck = 1340;
				LastUpgradeCheck = 1340;
				TargetAttributes = {
					8471C85D286C980E005E069A = {
						CreatedOnToolsVersion = 13.4;
					};
					8471C876286C9810005E069A = {
						CreatedOnToolsVersion = 13.4;
						TestTargetID = 8471C85D286C980E005E069A;
					};
					8471C880286C9810005E069A = {
						CreatedOnToolsVersion = 13.4;
						TestTargetID = 8471C85D286C980E005E069A;
					};
				};
			};
			buildConfigurationList = 8471C859286C980E005E069A /* Build configuration list for PBXProject "social_network_app" */;
			compatibilityVersion = "Xcode 13.0";
			developmentRegion = en;
			hasScannedForEncodings = 0;
			knownRegions = (
				en,
				Base,
			);
			mainGroup = 8471C855286C980E005E069A;
			packageReferences = (
				8471C896286C98EC005E069A /* XCRemoteSwiftPackageReference "firebase-ios-sdk" */,
			);
			productRefGroup = 8471C85F286C980E005E069A /* Products */;
			projectDirPath = "";
			projectRoot = "";
			targets = (
				8471C85D286C980E005E069A /* social_network_app */,
				8471C876286C9810005E069A /* social_network_appTests */,
				8471C880286C9810005E069A /* social_network_appUITests */,
			);
		};
/* End PBXProject section */

/* Begin PBXResourcesBuildPhase section */
		8471C85C286C980E005E069A /* Resources */ = {
			isa = PBXResourcesBuildPhase;
			buildActionMask = 2147483647;
			files = (
				8471C871286C980F005E069A /* LaunchScreen.storyboard in Resources */,
				845DBFD1287635BB003FB5D0 /* LoginViewController.xib in Resources */,
				845DBFF428764864003FB5D0 /* PostsListViewController.xib in Resources */,
				8471C895286C9875005E069A /* GoogleService-Info.plist in Resources */,
				8471C86E286C980F005E069A /* Assets.xcassets in Resources */,
				845DC0012876756F003FB5D0 /* UserProfileViewController.xib in Resources */,
				845DBFDB28763C77003FB5D0 /* SignUpViewController.xib in Resources */,
				8471C869286C980E005E069A /* Main.storyboard in Resources */,
			);
			runOnlyForDeploymentPostprocessing = 0;
		};
		8471C875286C9810005E069A /* Resources */ = {
			isa = PBXResourcesBuildPhase;
			buildActionMask = 2147483647;
			files = (
			);
			runOnlyForDeploymentPostprocessing = 0;
		};
		8471C87F286C9810005E069A /* Resources */ = {
			isa = PBXResourcesBuildPhase;
			buildActionMask = 2147483647;
			files = (
			);
			runOnlyForDeploymentPostprocessing = 0;
		};
/* End PBXResourcesBuildPhase section */

/* Begin PBXSourcesBuildPhase section */
		8471C85A286C980E005E069A /* Sources */ = {
			isa = PBXSourcesBuildPhase;
			buildActionMask = 2147483647;
			files = (
				845DBFC028762621003FB5D0 /* FirebaseManager.swift in Sources */,
				845DBFF828764DFC003FB5D0 /* EncodableExtension.swift in Sources */,
				845DC0002876756F003FB5D0 /* UserProfileViewController.swift in Sources */,
				845DBFDD28763F1D003FB5D0 /* SignUpViewModel.swift in Sources */,
				8471C866286C980E005E069A /* ViewController.swift in Sources */,
				845DBFD428763890003FB5D0 /* LoginViewModel.swift in Sources */,
				845DBFC2287628CD003FB5D0 /* BaseModel.swift in Sources */,
				8471C862286C980E005E069A /* AppDelegate.swift in Sources */,
				845DBFEB287643FF003FB5D0 /* UsersLocal+CoreDataProperties.swift in Sources */,
				8471C864286C980E005E069A /* SceneDelegate.swift in Sources */,
				845DBFDA28763C77003FB5D0 /* SignUpViewController.swift in Sources */,
				8471C8A5286C9B23005E069A /* User.swift in Sources */,
				8471C86C286C980E005E069A /* social_network_app.xcdatamodeld in Sources */,
				845DBFD0287635BB003FB5D0 /* LoginViewController.swift in Sources */,
				845DBFEA287643FF003FB5D0 /* UsersLocal+CoreDataClass.swift in Sources */,
				845DBFC828763365003FB5D0 /* AuthFirebaseManager.swift in Sources */,
				845DBFE128764138003FB5D0 /* CoreDataManager.swift in Sources */,
				845DC003287679D0003FB5D0 /* UserProfileViewModel.swift in Sources */,
				845DBFC628762C62003FB5D0 /* Buttons.swift in Sources */,
				845DBFF328764864003FB5D0 /* PostsListViewController.swift in Sources */,
			);
			runOnlyForDeploymentPostprocessing = 0;
		};
		8471C873286C9810005E069A /* Sources */ = {
			isa = PBXSourcesBuildPhase;
			buildActionMask = 2147483647;
			files = (
				8471C87C286C9810005E069A /* social_network_appTests.swift in Sources */,
			);
			runOnlyForDeploymentPostprocessing = 0;
		};
		8471C87D286C9810005E069A /* Sources */ = {
			isa = PBXSourcesBuildPhase;
			buildActionMask = 2147483647;
			files = (
				8471C888286C9810005E069A /* social_network_appUITestsLaunchTests.swift in Sources */,
				8471C886286C9810005E069A /* social_network_appUITests.swift in Sources */,
			);
			runOnlyForDeploymentPostprocessing = 0;
		};
/* End PBXSourcesBuildPhase section */

/* Begin PBXTargetDependency section */
		8471C879286C9810005E069A /* PBXTargetDependency */ = {
			isa = PBXTargetDependency;
			target = 8471C85D286C980E005E069A /* social_network_app */;
			targetProxy = 8471C878286C9810005E069A /* PBXContainerItemProxy */;
		};
		8471C883286C9810005E069A /* PBXTargetDependency */ = {
			isa = PBXTargetDependency;
			target = 8471C85D286C980E005E069A /* social_network_app */;
			targetProxy = 8471C882286C9810005E069A /* PBXContainerItemProxy */;
		};
/* End PBXTargetDependency section */

/* Begin PBXVariantGroup section */
		8471C867286C980E005E069A /* Main.storyboard */ = {
			isa = PBXVariantGroup;
			children = (
				8471C868286C980E005E069A /* Base */,
			);
			name = Main.storyboard;
			sourceTree = "<group>";
		};
		8471C86F286C980F005E069A /* LaunchScreen.storyboard */ = {
			isa = PBXVariantGroup;
			children = (
				8471C870286C980F005E069A /* Base */,
			);
			name = LaunchScreen.storyboard;
			sourceTree = "<group>";
		};
/* End PBXVariantGroup section */

/* Begin XCBuildConfiguration section */
		8471C889286C9810005E069A /* Debug */ = {
			isa = XCBuildConfiguration;
			buildSettings = {
				ALWAYS_SEARCH_USER_PATHS = NO;
				CLANG_ANALYZER_NONNULL = YES;
				CLANG_ANALYZER_NUMBER_OBJECT_CONVERSION = YES_AGGRESSIVE;
				CLANG_CXX_LANGUAGE_STANDARD = "gnu++17";
				CLANG_ENABLE_MODULES = YES;
				CLANG_ENABLE_OBJC_ARC = YES;
				CLANG_ENABLE_OBJC_WEAK = YES;
				CLANG_WARN_BLOCK_CAPTURE_AUTORELEASING = YES;
				CLANG_WARN_BOOL_CONVERSION = YES;
				CLANG_WARN_COMMA = YES;
				CLANG_WARN_CONSTANT_CONVERSION = YES;
				CLANG_WARN_DEPRECATED_OBJC_IMPLEMENTATIONS = YES;
				CLANG_WARN_DIRECT_OBJC_ISA_USAGE = YES_ERROR;
				CLANG_WARN_DOCUMENTATION_COMMENTS = YES;
				CLANG_WARN_EMPTY_BODY = YES;
				CLANG_WARN_ENUM_CONVERSION = YES;
				CLANG_WARN_INFINITE_RECURSION = YES;
				CLANG_WARN_INT_CONVERSION = YES;
				CLANG_WARN_NON_LITERAL_NULL_CONVERSION = YES;
				CLANG_WARN_OBJC_IMPLICIT_RETAIN_SELF = YES;
				CLANG_WARN_OBJC_LITERAL_CONVERSION = YES;
				CLANG_WARN_OBJC_ROOT_CLASS = YES_ERROR;
				CLANG_WARN_QUOTED_INCLUDE_IN_FRAMEWORK_HEADER = YES;
				CLANG_WARN_RANGE_LOOP_ANALYSIS = YES;
				CLANG_WARN_STRICT_PROTOTYPES = YES;
				CLANG_WARN_SUSPICIOUS_MOVE = YES;
				CLANG_WARN_UNGUARDED_AVAILABILITY = YES_AGGRESSIVE;
				CLANG_WARN_UNREACHABLE_CODE = YES;
				CLANG_WARN__DUPLICATE_METHOD_MATCH = YES;
				COPY_PHASE_STRIP = NO;
				DEBUG_INFORMATION_FORMAT = dwarf;
				ENABLE_STRICT_OBJC_MSGSEND = YES;
				ENABLE_TESTABILITY = YES;
				GCC_C_LANGUAGE_STANDARD = gnu11;
				GCC_DYNAMIC_NO_PIC = NO;
				GCC_NO_COMMON_BLOCKS = YES;
				GCC_OPTIMIZATION_LEVEL = 0;
				GCC_PREPROCESSOR_DEFINITIONS = (
					"DEBUG=1",
					"$(inherited)",
				);
				GCC_WARN_64_TO_32_BIT_CONVERSION = YES;
				GCC_WARN_ABOUT_RETURN_TYPE = YES_ERROR;
				GCC_WARN_UNDECLARED_SELECTOR = YES;
				GCC_WARN_UNINITIALIZED_AUTOS = YES_AGGRESSIVE;
				GCC_WARN_UNUSED_FUNCTION = YES;
				GCC_WARN_UNUSED_VARIABLE = YES;
				IPHONEOS_DEPLOYMENT_TARGET = 15.5;
				MTL_ENABLE_DEBUG_INFO = INCLUDE_SOURCE;
				MTL_FAST_MATH = YES;
				ONLY_ACTIVE_ARCH = YES;
				SDKROOT = iphoneos;
				SWIFT_ACTIVE_COMPILATION_CONDITIONS = DEBUG;
				SWIFT_OPTIMIZATION_LEVEL = "-Onone";
			};
			name = Debug;
		};
		8471C88A286C9810005E069A /* Release */ = {
			isa = XCBuildConfiguration;
			buildSettings = {
				ALWAYS_SEARCH_USER_PATHS = NO;
				CLANG_ANALYZER_NONNULL = YES;
				CLANG_ANALYZER_NUMBER_OBJECT_CONVERSION = YES_AGGRESSIVE;
				CLANG_CXX_LANGUAGE_STANDARD = "gnu++17";
				CLANG_ENABLE_MODULES = YES;
				CLANG_ENABLE_OBJC_ARC = YES;
				CLANG_ENABLE_OBJC_WEAK = YES;
				CLANG_WARN_BLOCK_CAPTURE_AUTORELEASING = YES;
				CLANG_WARN_BOOL_CONVERSION = YES;
				CLANG_WARN_COMMA = YES;
				CLANG_WARN_CONSTANT_CONVERSION = YES;
				CLANG_WARN_DEPRECATED_OBJC_IMPLEMENTATIONS = YES;
				CLANG_WARN_DIRECT_OBJC_ISA_USAGE = YES_ERROR;
				CLANG_WARN_DOCUMENTATION_COMMENTS = YES;
				CLANG_WARN_EMPTY_BODY = YES;
				CLANG_WARN_ENUM_CONVERSION = YES;
				CLANG_WARN_INFINITE_RECURSION = YES;
				CLANG_WARN_INT_CONVERSION = YES;
				CLANG_WARN_NON_LITERAL_NULL_CONVERSION = YES;
				CLANG_WARN_OBJC_IMPLICIT_RETAIN_SELF = YES;
				CLANG_WARN_OBJC_LITERAL_CONVERSION = YES;
				CLANG_WARN_OBJC_ROOT_CLASS = YES_ERROR;
				CLANG_WARN_QUOTED_INCLUDE_IN_FRAMEWORK_HEADER = YES;
				CLANG_WARN_RANGE_LOOP_ANALYSIS = YES;
				CLANG_WARN_STRICT_PROTOTYPES = YES;
				CLANG_WARN_SUSPICIOUS_MOVE = YES;
				CLANG_WARN_UNGUARDED_AVAILABILITY = YES_AGGRESSIVE;
				CLANG_WARN_UNREACHABLE_CODE = YES;
				CLANG_WARN__DUPLICATE_METHOD_MATCH = YES;
				COPY_PHASE_STRIP = NO;
				DEBUG_INFORMATION_FORMAT = "dwarf-with-dsym";
				ENABLE_NS_ASSERTIONS = NO;
				ENABLE_STRICT_OBJC_MSGSEND = YES;
				GCC_C_LANGUAGE_STANDARD = gnu11;
				GCC_NO_COMMON_BLOCKS = YES;
				GCC_WARN_64_TO_32_BIT_CONVERSION = YES;
				GCC_WARN_ABOUT_RETURN_TYPE = YES_ERROR;
				GCC_WARN_UNDECLARED_SELECTOR = YES;
				GCC_WARN_UNINITIALIZED_AUTOS = YES_AGGRESSIVE;
				GCC_WARN_UNUSED_FUNCTION = YES;
				GCC_WARN_UNUSED_VARIABLE = YES;
				IPHONEOS_DEPLOYMENT_TARGET = 15.5;
				MTL_ENABLE_DEBUG_INFO = NO;
				MTL_FAST_MATH = YES;
				SDKROOT = iphoneos;
				SWIFT_COMPILATION_MODE = wholemodule;
				SWIFT_OPTIMIZATION_LEVEL = "-O";
				VALIDATE_PRODUCT = YES;
			};
			name = Release;
		};
		8471C88C286C9810005E069A /* Debug */ = {
			isa = XCBuildConfiguration;
			buildSettings = {
				ASSETCATALOG_COMPILER_APPICON_NAME = AppIcon;
				ASSETCATALOG_COMPILER_GLOBAL_ACCENT_COLOR_NAME = AccentColor;
				CODE_SIGN_STYLE = Automatic;
				CURRENT_PROJECT_VERSION = 1;
				DEVELOPMENT_TEAM = 64NHHJ7YTA;
				GENERATE_INFOPLIST_FILE = YES;
				INFOPLIST_FILE = social_network_app/Info.plist;
				INFOPLIST_KEY_UIApplicationSupportsIndirectInputEvents = YES;
				INFOPLIST_KEY_UILaunchStoryboardName = LaunchScreen;
				INFOPLIST_KEY_UIMainStoryboardFile = Main;
				INFOPLIST_KEY_UISupportedInterfaceOrientations_iPad = "UIInterfaceOrientationPortrait UIInterfaceOrientationPortraitUpsideDown UIInterfaceOrientationLandscapeLeft UIInterfaceOrientationLandscapeRight";
				INFOPLIST_KEY_UISupportedInterfaceOrientations_iPhone = "UIInterfaceOrientationPortrait UIInterfaceOrientationLandscapeLeft UIInterfaceOrientationLandscapeRight";
				LD_RUNPATH_SEARCH_PATHS = (
					"$(inherited)",
					"@executable_path/Frameworks",
				);
				MARKETING_VERSION = 1.0;
				PRODUCT_BUNDLE_IDENTIFIER = com.rodrigoschar.socialnetwork;
				PRODUCT_NAME = "$(TARGET_NAME)";
				SWIFT_EMIT_LOC_STRINGS = YES;
				SWIFT_VERSION = 5.0;
				TARGETED_DEVICE_FAMILY = "1,2";
			};
			name = Debug;
		};
		8471C88D286C9810005E069A /* Release */ = {
			isa = XCBuildConfiguration;
			buildSettings = {
				ASSETCATALOG_COMPILER_APPICON_NAME = AppIcon;
				ASSETCATALOG_COMPILER_GLOBAL_ACCENT_COLOR_NAME = AccentColor;
				CODE_SIGN_STYLE = Automatic;
				CURRENT_PROJECT_VERSION = 1;
				DEVELOPMENT_TEAM = 64NHHJ7YTA;
				GENERATE_INFOPLIST_FILE = YES;
				INFOPLIST_FILE = social_network_app/Info.plist;
				INFOPLIST_KEY_UIApplicationSupportsIndirectInputEvents = YES;
				INFOPLIST_KEY_UILaunchStoryboardName = LaunchScreen;
				INFOPLIST_KEY_UIMainStoryboardFile = Main;
				INFOPLIST_KEY_UISupportedInterfaceOrientations_iPad = "UIInterfaceOrientationPortrait UIInterfaceOrientationPortraitUpsideDown UIInterfaceOrientationLandscapeLeft UIInterfaceOrientationLandscapeRight";
				INFOPLIST_KEY_UISupportedInterfaceOrientations_iPhone = "UIInterfaceOrientationPortrait UIInterfaceOrientationLandscapeLeft UIInterfaceOrientationLandscapeRight";
				LD_RUNPATH_SEARCH_PATHS = (
					"$(inherited)",
					"@executable_path/Frameworks",
				);
				MARKETING_VERSION = 1.0;
				PRODUCT_BUNDLE_IDENTIFIER = com.rodrigoschar.socialnetwork;
				PRODUCT_NAME = "$(TARGET_NAME)";
				SWIFT_EMIT_LOC_STRINGS = YES;
				SWIFT_VERSION = 5.0;
				TARGETED_DEVICE_FAMILY = "1,2";
			};
			name = Release;
		};
		8471C88F286C9810005E069A /* Debug */ = {
			isa = XCBuildConfiguration;
			buildSettings = {
				ALWAYS_EMBED_SWIFT_STANDARD_LIBRARIES = YES;
				BUNDLE_LOADER = "$(TEST_HOST)";
				CODE_SIGN_STYLE = Automatic;
				CURRENT_PROJECT_VERSION = 1;
				DEVELOPMENT_TEAM = 64NHHJ7YTA;
				GENERATE_INFOPLIST_FILE = YES;
				IPHONEOS_DEPLOYMENT_TARGET = 15.5;
				MARKETING_VERSION = 1.0;
				PRODUCT_BUNDLE_IDENTIFIER = "com.rodrigoschar.firebaseapp.social-network-appTests";
				PRODUCT_NAME = "$(TARGET_NAME)";
				SWIFT_EMIT_LOC_STRINGS = NO;
				SWIFT_VERSION = 5.0;
				TARGETED_DEVICE_FAMILY = "1,2";
				TEST_HOST = "$(BUILT_PRODUCTS_DIR)/social_network_app.app/social_network_app";
			};
			name = Debug;
		};
		8471C890286C9810005E069A /* Release */ = {
			isa = XCBuildConfiguration;
			buildSettings = {
				ALWAYS_EMBED_SWIFT_STANDARD_LIBRARIES = YES;
				BUNDLE_LOADER = "$(TEST_HOST)";
				CODE_SIGN_STYLE = Automatic;
				CURRENT_PROJECT_VERSION = 1;
				DEVELOPMENT_TEAM = 64NHHJ7YTA;
				GENERATE_INFOPLIST_FILE = YES;
				IPHONEOS_DEPLOYMENT_TARGET = 15.5;
				MARKETING_VERSION = 1.0;
				PRODUCT_BUNDLE_IDENTIFIER = "com.rodrigoschar.firebaseapp.social-network-appTests";
				PRODUCT_NAME = "$(TARGET_NAME)";
				SWIFT_EMIT_LOC_STRINGS = NO;
				SWIFT_VERSION = 5.0;
				TARGETED_DEVICE_FAMILY = "1,2";
				TEST_HOST = "$(BUILT_PRODUCTS_DIR)/social_network_app.app/social_network_app";
			};
			name = Release;
		};
		8471C892286C9810005E069A /* Debug */ = {
			isa = XCBuildConfiguration;
			buildSettings = {
				ALWAYS_EMBED_SWIFT_STANDARD_LIBRARIES = YES;
				CODE_SIGN_STYLE = Automatic;
				CURRENT_PROJECT_VERSION = 1;
				DEVELOPMENT_TEAM = 64NHHJ7YTA;
				GENERATE_INFOPLIST_FILE = YES;
				MARKETING_VERSION = 1.0;
				PRODUCT_BUNDLE_IDENTIFIER = "com.rodrigoschar.firebaseapp.social-network-appUITests";
				PRODUCT_NAME = "$(TARGET_NAME)";
				SWIFT_EMIT_LOC_STRINGS = NO;
				SWIFT_VERSION = 5.0;
				TARGETED_DEVICE_FAMILY = "1,2";
				TEST_TARGET_NAME = social_network_app;
			};
			name = Debug;
		};
		8471C893286C9810005E069A /* Release */ = {
			isa = XCBuildConfiguration;
			buildSettings = {
				ALWAYS_EMBED_SWIFT_STANDARD_LIBRARIES = YES;
				CODE_SIGN_STYLE = Automatic;
				CURRENT_PROJECT_VERSION = 1;
				DEVELOPMENT_TEAM = 64NHHJ7YTA;
				GENERATE_INFOPLIST_FILE = YES;
				MARKETING_VERSION = 1.0;
				PRODUCT_BUNDLE_IDENTIFIER = "com.rodrigoschar.firebaseapp.social-network-appUITests";
				PRODUCT_NAME = "$(TARGET_NAME)";
				SWIFT_EMIT_LOC_STRINGS = NO;
				SWIFT_VERSION = 5.0;
				TARGETED_DEVICE_FAMILY = "1,2";
				TEST_TARGET_NAME = social_network_app;
			};
			name = Release;
		};
/* End XCBuildConfiguration section */

/* Begin XCConfigurationList section */
		8471C859286C980E005E069A /* Build configuration list for PBXProject "social_network_app" */ = {
			isa = XCConfigurationList;
			buildConfigurations = (
				8471C889286C9810005E069A /* Debug */,
				8471C88A286C9810005E069A /* Release */,
			);
			defaultConfigurationIsVisible = 0;
			defaultConfigurationName = Release;
		};
		8471C88B286C9810005E069A /* Build configuration list for PBXNativeTarget "social_network_app" */ = {
			isa = XCConfigurationList;
			buildConfigurations = (
				8471C88C286C9810005E069A /* Debug */,
				8471C88D286C9810005E069A /* Release */,
			);
			defaultConfigurationIsVisible = 0;
			defaultConfigurationName = Release;
		};
		8471C88E286C9810005E069A /* Build configuration list for PBXNativeTarget "social_network_appTests" */ = {
			isa = XCConfigurationList;
			buildConfigurations = (
				8471C88F286C9810005E069A /* Debug */,
				8471C890286C9810005E069A /* Release */,
			);
			defaultConfigurationIsVisible = 0;
			defaultConfigurationName = Release;
		};
		8471C891286C9810005E069A /* Build configuration list for PBXNativeTarget "social_network_appUITests" */ = {
			isa = XCConfigurationList;
			buildConfigurations = (
				8471C892286C9810005E069A /* Debug */,
				8471C893286C9810005E069A /* Release */,
			);
			defaultConfigurationIsVisible = 0;
			defaultConfigurationName = Release;
		};
/* End XCConfigurationList section */

/* Begin XCRemoteSwiftPackageReference section */
		8471C896286C98EC005E069A /* XCRemoteSwiftPackageReference "firebase-ios-sdk" */ = {
			isa = XCRemoteSwiftPackageReference;
			repositoryURL = "https://github.com/firebase/firebase-ios-sdk";
			requirement = {
				kind = upToNextMajorVersion;
				minimumVersion = 9.0.0;
			};
		};
/* End XCRemoteSwiftPackageReference section */

/* Begin XCSwiftPackageProductDependency section */
		8471C897286C98EC005E069A /* FirebaseAuth */ = {
			isa = XCSwiftPackageProductDependency;
			package = 8471C896286C98EC005E069A /* XCRemoteSwiftPackageReference "firebase-ios-sdk" */;
			productName = FirebaseAuth;
		};
		8471C899286C98EC005E069A /* FirebaseDatabase */ = {
			isa = XCSwiftPackageProductDependency;
			package = 8471C896286C98EC005E069A /* XCRemoteSwiftPackageReference "firebase-ios-sdk" */;
			productName = FirebaseDatabase;
		};
		8471C89B286C98EC005E069A /* FirebaseFirestore */ = {
			isa = XCSwiftPackageProductDependency;
			package = 8471C896286C98EC005E069A /* XCRemoteSwiftPackageReference "firebase-ios-sdk" */;
			productName = FirebaseFirestore;
		};
		8471C89D286C98EC005E069A /* FirebaseMessaging */ = {
			isa = XCSwiftPackageProductDependency;
			package = 8471C896286C98EC005E069A /* XCRemoteSwiftPackageReference "firebase-ios-sdk" */;
			productName = FirebaseMessaging;
		};
		8471C89F286C98EC005E069A /* FirebaseStorage */ = {
			isa = XCSwiftPackageProductDependency;
			package = 8471C896286C98EC005E069A /* XCRemoteSwiftPackageReference "firebase-ios-sdk" */;
			productName = FirebaseStorage;
		};
/* End XCSwiftPackageProductDependency section */

/* Begin XCVersionGroup section */
		8471C86A286C980E005E069A /* social_network_app.xcdatamodeld */ = {
			isa = XCVersionGroup;
			children = (
				8471C86B286C980E005E069A /* social_network_app.xcdatamodel */,
			);
			currentVersion = 8471C86B286C980E005E069A /* social_network_app.xcdatamodel */;
			path = social_network_app.xcdatamodeld;
			sourceTree = "<group>";
			versionGroupType = wrapper.xcdatamodel;
		};
/* End XCVersionGroup section */
	};
	rootObject = 8471C856286C980E005E069A /* Project object */;
}
